version = 1
revision = 3
requires-python = ">=3.14"

[[package]]
name = "geographiclib"
version = "2.1"
source = { registry = "https://pypi.org/simple" }
sdist = { url = "https://files.pythonhosted.org/packages/df/78/4892343230a9d29faa1364564e525307a37e54ad776ea62c12129dbba704/geographiclib-2.1.tar.gz", hash = "sha256:6a6545e6262d0ed3522e13c515713718797e37ed8c672c31ad7b249f372ef108", size = 37004, upload-time = "2025-08-21T21:34:26Z" }
wheels = [
    { url = "https://files.pythonhosted.org/packages/31/b3/802576f2ea5dcb48501bb162e4c7b7b3ca5654a42b2c968ef98a797a4c79/geographiclib-2.1-py3-none-any.whl", hash = "sha256:e2a873b9b9e7fc38721ad73d5f4e6c9ed140d428a339970f505c07056997d40b", size = 40740, upload-time = "2025-08-21T21:34:24.955Z" },
]

[[package]]
name = "geopy"
version = "2.4.1"
source = { registry = "https://pypi.org/simple" }
dependencies = [
    { name = "geographiclib" },
]
sdist = { url = "https://files.pythonhosted.org/packages/0e/fd/ef6d53875ceab72c1fad22dbed5ec1ad04eb378c2251a6a8024bad890c3b/geopy-2.4.1.tar.gz", hash = "sha256:50283d8e7ad07d89be5cb027338c6365a32044df3ae2556ad3f52f4840b3d0d1", size = 117625, upload-time = "2023-11-23T21:49:32.734Z" }
wheels = [
    { url = "https://files.pythonhosted.org/packages/e5/15/cf2a69ade4b194aa524ac75112d5caac37414b20a3a03e6865dfe0bd1539/geopy-2.4.1-py3-none-any.whl", hash = "sha256:ae8b4bc5c1131820f4d75fce9d4aaaca0c85189b3aa5d64c3dcaf5e3b7b882a7", size = 125437, upload-time = "2023-11-23T21:49:30.421Z" },
]

[[package]]
name = "joplin-to-obsidian"
version = "0.1.0"
source = { virtual = "." }
dependencies = [
    { name = "geopy" },
]

[package.metadata]
requires-dist = [{ name = "geopy", specifier = ">=2.4.1" }]
